
Microsoft Visual Studio Solution File, Format Version 12.00
# Visual Studio Version 17
VisualStudioVersion = 17.5.33516.290
MinimumVisualStudioVersion = 10.0.40219.1
Project("{FAE04EC0-301F-11D3-BF4B-00C04F79EFBC}") = "Atlantis Hotel", "Atlantis Hotel\Atlantis Hotel.csproj", "{4AF11B97-F994-4CCA-A4B6-F392816E7F23}"
EndProject
Global
	GlobalSection(SolutionConfigurationPlatforms) = preSolution
		Debug|Any CPU = Debug|Any CPU
		Release|Any CPU = Release|Any CPU
	EndGlobalSection
	GlobalSection(ProjectConfigurationPlatforms) = postSolution
		{4AF11B97-F994-4CCA-A4B6-F392816E7F23}.Debug|Any CPU.ActiveCfg = Debug|Any CPU
		{4AF11B97-F994-4CCA-A4B6-F392816E7F23}.Debug|Any CPU.Build.0 = Debug|Any CPU
		{4AF11B97-F994-4CCA-A4B6-F392816E7F23}.Release|Any CPU.ActiveCfg = Release|Any CPU
		{4AF11B97-F994-4CCA-A4B6-F392816E7F23}.Release|Any CPU.Build.0 = Release|Any CPU
	EndGlobalSection
	GlobalSection(SolutionProperties) = preSolution
		HideSolutionNode = FALSE
	EndGlobalSection
	GlobalSection(ExtensibilityGlobals) = postSolution
		SolutionGuid = {AA4E3E80-691C-4906-B9D2-94A784B80AA5}
	EndGlobalSection
EndGlobal
